
Microsoft Visual Studio Solution File, Format Version 12.00
Project("{FAE04EC0-301F-11D3-BF4B-00C04F79EFBC}") = "CompressionUI", "CompressionUI\CompressionUI.csproj", "{3388A5FA-F121-4A54-965F-42B6DB4D2857}"
EndProject
Global
	GlobalSection(SolutionConfigurationPlatforms) = preSolution
		Debug|Any CPU = Debug|Any CPU
		Release|Any CPU = Release|Any CPU
	EndGlobalSection
	GlobalSection(ProjectConfigurationPlatforms) = postSolution
		{3388A5FA-F121-4A54-965F-42B6DB4D2857}.Debug|Any CPU.ActiveCfg = Debug|Any CPU
		{3388A5FA-F121-4A54-965F-42B6DB4D2857}.Debug|Any CPU.Build.0 = Debug|Any CPU
		{3388A5FA-F121-4A54-965F-42B6DB4D2857}.Release|Any CPU.ActiveCfg = Release|Any CPU
		{3388A5FA-F121-4A54-965F-42B6DB4D2857}.Release|Any CPU.Build.0 = Release|Any CPU
	EndGlobalSection
EndGlobal
